schema = "shack/1"
suite_commit = ""
manifest_sha256 = ""
mirror = []

[[install]]
target = ".agents/commands/commit.md"
source_app = "shack-ai"
source_path = "templates/commands/commit.md"
owner = "flavor:default"
mode = "symlink"
effective_mode = "symlink"
mode_reason = "default"
status = "active"
source_sha256 = ""
installed_at = ""

[[install]]
target = ".agents/commands/pr.md"
source_app = "shack-ai"
source_path = "templates/commands/pr.md"
owner = "flavor:default"
mode = "symlink"
effective_mode = "symlink"
mode_reason = "default"
status = "active"
source_sha256 = ""
installed_at = ""

[[install]]
target = ".gitignore"
source_app = "shack-ai"
source_path = "files/default/.gitignore"
owner = "flavor:default"
mode = "symlink"
effective_mode = "symlink"
mode_reason = "default"
status = "active"
source_sha256 = ""
installed_at = ""

[[install]]
target = "AGENTS-FLAVOR.md"
source_app = "shack-ai"
source_path = "files/default/AGENTS-FLAVOR.md"
owner = "flavor:default"
mode = "symlink"
effective_mode = "symlink"
mode_reason = "default"
status = "active"
source_sha256 = ""
installed_at = ""

[[install]]
target = "CLAUDE.md"
source_app = "shack-ai"
source_path = "files/default/CLAUDE.md.tmpl"
owner = "flavor:default"
mode = "copy-once"
effective_mode = "copy-once"
mode_reason = "default"
status = "active"
source_sha256 = ""
installed_at = ""
